// !$*UTF8*$!
{
	archiveVersion = 1;
	classes = {
	};
	objectVersion = 56;
	objects = {

/* Begin PBXBuildFile section */
		D706CA1129B9C93D009B8E8F /* test_macosApp.swift in Sources */ = {isa = PBXBuildFile; fileRef = D706CA1029B9C93D009B8E8F /* test_macosApp.swift */; };
		D706CA1329B9C93D009B8E8F /* ContentView.swift in Sources */ = {isa = PBXBuildFile; fileRef = D706CA1229B9C93D009B8E8F /* ContentView.swift */; };
		D706CA1529B9C93F009B8E8F /* Assets.xcassets in Resources */ = {isa = PBXBuildFile; fileRef = D706CA1429B9C93F009B8E8F /* Assets.xcassets */; };
		D706CA1829B9C93F009B8E8F /* Preview Assets.xcassets in Resources */ = {isa = PBXBuildFile; fileRef = D706CA1729B9C93F009B8E8F /* Preview Assets.xcassets */; };
		D706CA2329B9C93F009B8E8F /* test_macosTests.swift in Sources */ = {isa = PBXBuildFile; fileRef = D706CA2229B9C93F009B8E8F /* test_macosTests.swift */; };
		D706CA2D29B9C93F009B8E8F /* test_macosUITests.swift in Sources */ = {isa = PBXBuildFile; fileRef = D706CA2C29B9C93F009B8E8F /* test_macosUITests.swift */; };
		D706CA2F29B9C93F009B8E8F /* test_macosUITestsLaunchTests.swift in Sources */ = {isa = PBXBuildFile; fileRef = D706CA2E29B9C93F009B8E8F /* test_macosUITestsLaunchTests.swift */; };
/* End PBXBuildFile section */

/* Begin PBXContainerItemProxy section */
		D706CA1F29B9C93F009B8E8F /* PBXContainerItemProxy */ = {
			isa = PBXContainerItemProxy;
			containerPortal = D706CA0529B9C93D009B8E8F /* Project object */;
			proxyType = 1;
			remoteGlobalIDString = D706CA0C29B9C93D009B8E8F;
			remoteInfo = "test macos";
		};
		D706CA2929B9C93F009B8E8F /* PBXContainerItemProxy */ = {
			isa = PBXContainerItemProxy;
			containerPortal = D706CA0529B9C93D009B8E8F /* Project object */;
			proxyType = 1;
			remoteGlobalIDString = D706CA0C29B9C93D009B8E8F;
			remoteInfo = "test macos";
		};
/* End PBXContainerItemProxy section */

/* Begin PBXFileReference section */
		D706CA0D29B9C93D009B8E8F /* test macos.app */ = {isa = PBXFileReference; explicitFileType = wrapper.application; includeInIndex = 0; path = "test macos.app"; sourceTree = BUILT_PRODUCTS_DIR; };
		D706CA1029B9C93D009B8E8F /* test_macosApp.swift */ = {isa = PBXFileReference; lastKnownFileType = sourcecode.swift; path = test_macosApp.swift; sourceTree = "<group>"; };
		D706CA1229B9C93D009B8E8F /* ContentView.swift */ = {isa = PBXFileReference; lastKnownFileType = sourcecode.swift; path = ContentView.swift; sourceTree = "<group>"; };
		D706CA1429B9C93F009B8E8F /* Assets.xcassets */ = {isa = PBXFileReference; lastKnownFileType = folder.assetcatalog; path = Assets.xcassets; sourceTree = "<group>"; };
		D706CA1729B9C93F009B8E8F /* Preview Assets.xcassets */ = {isa = PBXFileReference; lastKnownFileType = folder.assetcatalog; path = "Preview Assets.xcassets"; sourceTree = "<group>"; };
		D706CA1929B9C93F009B8E8F /* test_macos.entitlements */ = {isa = PBXFileReference; lastKnownFileType = text.plist.entitlements; path = test_macos.entitlements; sourceTree = "<group>"; };
		D706CA1E29B9C93F009B8E8F /* test macosTests.xctest */ = {isa = PBXFileReference; explicitFileType = wrapper.cfbundle; includeInIndex = 0; path = "test macosTests.xctest"; sourceTree = BUILT_PRODUCTS_DIR; };
		D706CA2229B9C93F009B8E8F /* test_macosTests.swift */ = {isa = PBXFileReference; lastKnownFileType = sourcecode.swift; path = test_macosTests.swift; sourceTree = "<group>"; };
		D706CA2829B9C93F009B8E8F /* test macosUITests.xctest */ = {isa = PBXFileReference; explicitFileType = wrapper.cfbundle; includeInIndex = 0; path = "test macosUITests.xctest"; sourceTree = BUILT_PRODUCTS_DIR; };
		D706CA2C29B9C93F009B8E8F /* test_macosUITests.swift */ = {isa = PBXFileReference; lastKnownFileType = sourcecode.swift; path = test_macosUITests.swift; sourceTree = "<group>"; };
		D706CA2E29B9C93F009B8E8F /* test_macosUITestsLaunchTests.swift */ = {isa = PBXFileReference; lastKnownFileType = sourcecode.swift; path = test_macosUITestsLaunchTests.swift; sourceTree = "<group>"; };
/* End PBXFileReference section */

/* Begin PBXFrameworksBuildPhase section */
		D706CA0A29B9C93D009B8E8F /* Frameworks */ = {
			isa = PBXFrameworksBuildPhase;
			buildActionMask = 2147483647;
			files = (
			);
			runOnlyForDeploymentPostprocessing = 0;
		};
		D706CA1B29B9C93F009B8E8F /* Frameworks */ = {
			isa = PBXFrameworksBuildPhase;
			buildActionMask = 2147483647;
			files = (
			);
			runOnlyForDeploymentPostprocessing = 0;
		};
		D706CA2529B9C93F009B8E8F /* Frameworks */ = {
			isa = PBXFrameworksBuildPhase;
			buildActionMask = 2147483647;
			files = (
			);
			runOnlyForDeploymentPostprocessing = 0;
		};
/* End PBXFrameworksBuildPhase section */

/* Begin PBXGroup section */
		D706CA0429B9C93D009B8E8F = {
			isa = PBXGroup;
			children = (
				D706CA0F29B9C93D009B8E8F /* test macos */,
				D706CA2129B9C93F009B8E8F /* test macosTests */,
				D706CA2B29B9C93F009B8E8F /* test macosUITests */,
				D706CA0E29B9C93D009B8E8F /* Products */,
			);
			sourceTree = "<group>";
		};
		D706CA0E29B9C93D009B8E8F /* Products */ = {
			isa = PBXGroup;
			children = (
				D706CA0D29B9C93D009B8E8F /* test macos.app */,
				D706CA1E29B9C93F009B8E8F /* test macosTests.xctest */,
				D706CA2829B9C93F009B8E8F /* test macosUITests.xctest */,
			);
			name = Products;
			sourceTree = "<group>";
		};
		D706CA0F29B9C93D009B8E8F /* test macos */ = {
			isa = PBXGroup;
			children = (
				D706CA1029B9C93D009B8E8F /* test_macosApp.swift */,
				D706CA1229B9C93D009B8E8F /* ContentView.swift */,
				D706CA1429B9C93F009B8E8F /* Assets.xcassets */,
				D706CA1929B9C93F009B8E8F /* test_macos.entitlements */,
				D706CA1629B9C93F009B8E8F /* Preview Content */,
			);
			path = "test macos";
			sourceTree = "<group>";
		};
		D706CA1629B9C93F009B8E8F /* Preview Content */ = {
			isa = PBXGroup;
			children = (
				D706CA1729B9C93F009B8E8F /* Preview Assets.xcassets */,
			);
			path = "Preview Content";
			sourceTree = "<group>";
		};
		D706CA2129B9C93F009B8E8F /* test macosTests */ = {
			isa = PBXGroup;
			children = (
				D706CA2229B9C93F009B8E8F /* test_macosTests.swift */,
			);
			path = "test macosTests";
			sourceTree = "<group>";
		};
		D706CA2B29B9C93F009B8E8F /* test macosUITests */ = {
			isa = PBXGroup;
			children = (
				D706CA2C29B9C93F009B8E8F /* test_macosUITests.swift */,
				D706CA2E29B9C93F009B8E8F /* test_macosUITestsLaunchTests.swift */,
			);
			path = "test macosUITests";
			sourceTree = "<group>";
		};
/* End PBXGroup section */

/* Begin PBXNativeTarget section */
		D706CA0C29B9C93D009B8E8F /* test macos */ = {
			isa = PBXNativeTarget;
			buildConfigurationList = D706CA3229B9C93F009B8E8F /* Build configuration list for PBXNativeTarget "test macos" */;
			buildPhases = (
				D706CA0929B9C93D009B8E8F /* Sources */,
				D706CA0A29B9C93D009B8E8F /* Frameworks */,
				D706CA0B29B9C93D009B8E8F /* Resources */,
			);
			buildRules = (
			);
			dependencies = (
			);
			name = "test macos";
			productName = "test macos";
			productReference = D706CA0D29B9C93D009B8E8F /* test macos.app */;
			productType = "com.apple.product-type.application";
		};
		D706CA1D29B9C93F009B8E8F /* test macosTests */ = {
			isa = PBXNativeTarget;
			buildConfigurationList = D706CA3529B9C93F009B8E8F /* Build configuration list for PBXNativeTarget "test macosTests" */;
			buildPhases = (
				D706CA1A29B9C93F009B8E8F /* Sources */,
				D706CA1B29B9C93F009B8E8F /* Frameworks */,
				D706CA1C29B9C93F009B8E8F /* Resources */,
			);
			buildRules = (
			);
			dependencies = (
				D706CA2029B9C93F009B8E8F /* PBXTargetDependency */,
			);
			name = "test macosTests";
			productName = "test macosTests";
			productReference = D706CA1E29B9C93F009B8E8F /* test macosTests.xctest */;
			productType = "com.apple.product-type.bundle.unit-test";
		};
		D706CA2729B9C93F009B8E8F /* test macosUITests */ = {
			isa = PBXNativeTarget;
			buildConfigurationList = D706CA3829B9C93F009B8E8F /* Build configuration list for PBXNativeTarget "test macosUITests" */;
			buildPhases = (
				D706CA2429B9C93F009B8E8F /* Sources */,
				D706CA2529B9C93F009B8E8F /* Frameworks */,
				D706CA2629B9C93F009B8E8F /* Resources */,
			);
			buildRules = (
			);
			dependencies = (
				D706CA2A29B9C93F009B8E8F /* PBXTargetDependency */,
			);
			name = "test macosUITests";
			productName = "test macosUITests";
			productReference = D706CA2829B9C93F009B8E8F /* test macosUITests.xctest */;
			productType = "com.apple.product-type.bundle.ui-testing";
		};
/* End PBXNativeTarget section */

/* Begin PBXProject section */
		D706CA0529B9C93D009B8E8F /* Project object */ = {
			isa = PBXProject;
			attributes = {
				BuildIndependentTargetsInParallel = 1;
				LastSwiftUpdateCheck = 1420;
				LastUpgradeCheck = 1420;
				TargetAttributes = {
					D706CA0C29B9C93D009B8E8F = {
						CreatedOnToolsVersion = 14.2;
					};
					D706CA1D29B9C93F009B8E8F = {
						CreatedOnToolsVersion = 14.2;
						TestTargetID = D706CA0C29B9C93D009B8E8F;
					};
					D706CA2729B9C93F009B8E8F = {
						CreatedOnToolsVersion = 14.2;
						TestTargetID = D706CA0C29B9C93D009B8E8F;
					};
				};
			};
			buildConfigurationList = D706CA0829B9C93D009B8E8F /* Build configuration list for PBXProject "test macos" */;
			compatibilityVersion = "Xcode 14.0";
			developmentRegion = en;
			hasScannedForEncodings = 0;
			knownRegions = (
				en,
				Base,
			);
			mainGroup = D706CA0429B9C93D009B8E8F;
			productRefGroup = D706CA0E29B9C93D009B8E8F /* Products */;
			projectDirPath = "";
			projectRoot = "";
			targets = (
				D706CA0C29B9C93D009B8E8F /* test macos */,
				D706CA1D29B9C93F009B8E8F /* test macosTests */,
				D706CA2729B9C93F009B8E8F /* test macosUITests */,
			);
		};
/* End PBXProject section */

/* Begin PBXResourcesBuildPhase section */
		D706CA0B29B9C93D009B8E8F /* Resources */ = {
			isa = PBXResourcesBuildPhase;
			buildActionMask = 2147483647;
			files = (
				D706CA1829B9C93F009B8E8F /* Preview Assets.xcassets in Resources */,
				D706CA1529B9C93F009B8E8F /* Assets.xcassets in Resources */,
			);
			runOnlyForDeploymentPostprocessing = 0;
		};
		D706CA1C29B9C93F009B8E8F /* Resources */ = {
			isa = PBXResourcesBuildPhase;
			buildActionMask = 2147483647;
			files = (
			);
			runOnlyForDeploymentPostprocessing = 0;
		};
		D706CA2629B9C93F009B8E8F /* Resources */ = {
			isa = PBXResourcesBuildPhase;
			buildActionMask = 2147483647;
			files = (
			);
			runOnlyForDeploymentPostprocessing = 0;
		};
/* End PBXResourcesBuildPhase section */

/* Begin PBXSourcesBuildPhase section */
		D706CA0929B9C93D009B8E8F /* Sources */ = {
			isa = PBXSourcesBuildPhase;
			buildActionMask = 2147483647;
			files = (
				D706CA1329B9C93D009B8E8F /* ContentView.swift in Sources */,
				D706CA1129B9C93D009B8E8F /* test_macosApp.swift in Sources */,
			);
			runOnlyForDeploymentPostprocessing = 0;
		};
		D706CA1A29B9C93F009B8E8F /* Sources */ = {
			isa = PBXSourcesBuildPhase;
			buildActionMask = 2147483647;
			files = (
				D706CA2329B9C93F009B8E8F /* test_macosTests.swift in Sources */,
			);
			runOnlyForDeploymentPostprocessing = 0;
		};
		D706CA2429B9C93F009B8E8F /* Sources */ = {
			isa = PBXSourcesBuildPhase;
			buildActionMask = 2147483647;
			files = (
				D706CA2F29B9C93F009B8E8F /* test_macosUITestsLaunchTests.swift in Sources */,
				D706CA2D29B9C93F009B8E8F /* test_macosUITests.swift in Sources */,
			);
			runOnlyForDeploymentPostprocessing = 0;
		};
/* End PBXSourcesBuildPhase section */

/* Begin PBXTargetDependency section */
		D706CA2029B9C93F009B8E8F /* PBXTargetDependency */ = {
			isa = PBXTargetDependency;
			target = D706CA0C29B9C93D009B8E8F /* test macos */;
			targetProxy = D706CA1F29B9C93F009B8E8F /* PBXContainerItemProxy */;
		};
		D706CA2A29B9C93F009B8E8F /* PBXTargetDependency */ = {
			isa = PBXTargetDependency;
			target = D706CA0C29B9C93D009B8E8F /* test macos */;
			targetProxy = D706CA2929B9C93F009B8E8F /* PBXContainerItemProxy */;
		};
/* End PBXTargetDependency section */

/* Begin XCBuildConfiguration section */
		D706CA3029B9C93F009B8E8F /* Debug */ = {
			isa = XCBuildConfiguration;
			buildSettings = {
				ALWAYS_SEARCH_USER_PATHS = NO;
				CLANG_ANALYZER_NONNULL = YES;
				CLANG_ANALYZER_NUMBER_OBJECT_CONVERSION = YES_AGGRESSIVE;
				CLANG_CXX_LANGUAGE_STANDARD = "gnu++20";
				CLANG_ENABLE_MODULES = YES;
				CLANG_ENABLE_OBJC_ARC = YES;
				CLANG_ENABLE_OBJC_WEAK = YES;
				CLANG_WARN_BLOCK_CAPTURE_AUTORELEASING = YES;
				CLANG_WARN_BOOL_CONVERSION = YES;
				CLANG_WARN_COMMA = YES;
				CLANG_WARN_CONSTANT_CONVERSION = YES;
				CLANG_WARN_DEPRECATED_OBJC_IMPLEMENTATIONS = YES;
				CLANG_WARN_DIRECT_OBJC_ISA_USAGE = YES_ERROR;
				CLANG_WARN_DOCUMENTATION_COMMENTS = YES;
				CLANG_WARN_EMPTY_BODY = YES;
				CLANG_WARN_ENUM_CONVERSION = YES;
				CLANG_WARN_INFINITE_RECURSION = YES;
				CLANG_WARN_INT_CONVERSION = YES;
				CLANG_WARN_NON_LITERAL_NULL_CONVERSION = YES;
				CLANG_WARN_OBJC_IMPLICIT_RETAIN_SELF = YES;
				CLANG_WARN_OBJC_LITERAL_CONVERSION = YES;
				CLANG_WARN_OBJC_ROOT_CLASS = YES_ERROR;
				CLANG_WARN_QUOTED_INCLUDE_IN_FRAMEWORK_HEADER = YES;
				CLANG_WARN_RANGE_LOOP_ANALYSIS = YES;
				CLANG_WARN_STRICT_PROTOTYPES = YES;
				CLANG_WARN_SUSPICIOUS_MOVE = YES;
				CLANG_WARN_UNGUARDED_AVAILABILITY = YES_AGGRESSIVE;
				CLANG_WARN_UNREACHABLE_CODE = YES;
				CLANG_WARN__DUPLICATE_METHOD_MATCH = YES;
				COPY_PHASE_STRIP = NO;
				DEBUG_INFORMATION_FORMAT = dwarf;
				ENABLE_STRICT_OBJC_MSGSEND = YES;
				ENABLE_TESTABILITY = YES;
				GCC_C_LANGUAGE_STANDARD = gnu11;
				GCC_DYNAMIC_NO_PIC = NO;
				GCC_NO_COMMON_BLOCKS = YES;
				GCC_OPTIMIZATION_LEVEL = 0;
				GCC_PREPROCESSOR_DEFINITIONS = (
					"DEBUG=1",
					"$(inherited)",
				);
				GCC_WARN_64_TO_32_BIT_CONVERSION = YES;
				GCC_WARN_ABOUT_RETURN_TYPE = YES_ERROR;
				GCC_WARN_UNDECLARED_SELECTOR = YES;
				GCC_WARN_UNINITIALIZED_AUTOS = YES_AGGRESSIVE;
				GCC_WARN_UNUSED_FUNCTION = YES;
				GCC_WARN_UNUSED_VARIABLE = YES;
				MACOSX_DEPLOYMENT_TARGET = 13.1;
				MTL_ENABLE_DEBUG_INFO = INCLUDE_SOURCE;
				MTL_FAST_MATH = YES;
				ONLY_ACTIVE_ARCH = YES;
				SDKROOT = macosx;
				SWIFT_ACTIVE_COMPILATION_CONDITIONS = DEBUG;
				SWIFT_OPTIMIZATION_LEVEL = "-Onone";
			};
			name = Debug;
		};
		D706CA3129B9C93F009B8E8F /* Release */ = {
			isa = XCBuildConfiguration;
			buildSettings = {
				ALWAYS_SEARCH_USER_PATHS = NO;
				CLANG_ANALYZER_NONNULL = YES;
				CLANG_ANALYZER_NUMBER_OBJECT_CONVERSION = YES_AGGRESSIVE;
				CLANG_CXX_LANGUAGE_STANDARD = "gnu++20";
				CLANG_ENABLE_MODULES = YES;
				CLANG_ENABLE_OBJC_ARC = YES;
				CLANG_ENABLE_OBJC_WEAK = YES;
				CLANG_WARN_BLOCK_CAPTURE_AUTORELEASING = YES;
				CLANG_WARN_BOOL_CONVERSION = YES;
				CLANG_WARN_COMMA = YES;
				CLANG_WARN_CONSTANT_CONVERSION = YES;
				CLANG_WARN_DEPRECATED_OBJC_IMPLEMENTATIONS = YES;
				CLANG_WARN_DIRECT_OBJC_ISA_USAGE = YES_ERROR;
				CLANG_WARN_DOCUMENTATION_COMMENTS = YES;
				CLANG_WARN_EMPTY_BODY = YES;
				CLANG_WARN_ENUM_CONVERSION = YES;
				CLANG_WARN_INFINITE_RECURSION = YES;
				CLANG_WARN_INT_CONVERSION = YES;
				CLANG_WARN_NON_LITERAL_NULL_CONVERSION = YES;
				CLANG_WARN_OBJC_IMPLICIT_RETAIN_SELF = YES;
				CLANG_WARN_OBJC_LITERAL_CONVERSION = YES;
				CLANG_WARN_OBJC_ROOT_CLASS = YES_ERROR;
				CLANG_WARN_QUOTED_INCLUDE_IN_FRAMEWORK_HEADER = YES;
				CLANG_WARN_RANGE_LOOP_ANALYSIS = YES;
				CLANG_WARN_STRICT_PROTOTYPES = YES;
				CLANG_WARN_SUSPICIOUS_MOVE = YES;
				CLANG_WARN_UNGUARDED_AVAILABILITY = YES_AGGRESSIVE;
				CLANG_WARN_UNREACHABLE_CODE = YES;
				CLANG_WARN__DUPLICATE_METHOD_MATCH = YES;
				COPY_PHASE_STRIP = NO;
				DEBUG_INFORMATION_FORMAT = "dwarf-with-dsym";
				ENABLE_NS_ASSERTIONS = NO;
				ENABLE_STRICT_OBJC_MSGSEND = YES;
				GCC_C_LANGUAGE_STANDARD = gnu11;
				GCC_NO_COMMON_BLOCKS = YES;
				GCC_WARN_64_TO_32_BIT_CONVERSION = YES;
				GCC_WARN_ABOUT_RETURN_TYPE = YES_ERROR;
				GCC_WARN_UNDECLARED_SELECTOR = YES;
				GCC_WARN_UNINITIALIZED_AUTOS = YES_AGGRESSIVE;
				GCC_WARN_UNUSED_FUNCTION = YES;
				GCC_WARN_UNUSED_VARIABLE = YES;
				MACOSX_DEPLOYMENT_TARGET = 13.1;
				MTL_ENABLE_DEBUG_INFO = NO;
				MTL_FAST_MATH = YES;
				SDKROOT = macosx;
				SWIFT_COMPILATION_MODE = wholemodule;
				SWIFT_OPTIMIZATION_LEVEL = "-O";
			};
			name = Release;
		};
		D706CA3329B9C93F009B8E8F /* Debug */ = {
			isa = XCBuildConfiguration;
			buildSettings = {
				ASSETCATALOG_COMPILER_APPICON_NAME = AppIcon;
				ASSETCATALOG_COMPILER_GLOBAL_ACCENT_COLOR_NAME = AccentColor;
				CODE_SIGN_ENTITLEMENTS = "test macos/test_macos.entitlements";
				CODE_SIGN_STYLE = Automatic;
				COMBINE_HIDPI_IMAGES = YES;
				CURRENT_PROJECT_VERSION = 1;
				DEVELOPMENT_ASSET_PATHS = "\"test macos/Preview Content\"";
				DEVELOPMENT_TEAM = 8M6DWG8MX5;
				ENABLE_HARDENED_RUNTIME = YES;
				ENABLE_PREVIEWS = YES;
				GENERATE_INFOPLIST_FILE = YES;
				INFOPLIST_KEY_NSHumanReadableCopyright = "";
				LD_RUNPATH_SEARCH_PATHS = (
					"$(inherited)",
					"@executable_path/../Frameworks",
				);
				MARKETING_VERSION = 1.0;
				PRODUCT_BUNDLE_IDENTIFIER = "com.realityexpander.test-macos";
				PRODUCT_NAME = "$(TARGET_NAME)";
				SWIFT_EMIT_LOC_STRINGS = YES;
				SWIFT_VERSION = 5.0;
			};
			name = Debug;
		};
		D706CA3429B9C93F009B8E8F /* Release */ = {
			isa = XCBuildConfiguration;
			buildSettings = {
				ASSETCATALOG_COMPILER_APPICON_NAME = AppIcon;
				ASSETCATALOG_COMPILER_GLOBAL_ACCENT_COLOR_NAME = AccentColor;
				CODE_SIGN_ENTITLEMENTS = "test macos/test_macos.entitlements";
				CODE_SIGN_STYLE = Automatic;
				COMBINE_HIDPI_IMAGES = YES;
				CURRENT_PROJECT_VERSION = 1;
				DEVELOPMENT_ASSET_PATHS = "\"test macos/Preview Content\"";
				DEVELOPMENT_TEAM = 8M6DWG8MX5;
				ENABLE_HARDENED_RUNTIME = YES;
				ENABLE_PREVIEWS = YES;
				GENERATE_INFOPLIST_FILE = YES;
				INFOPLIST_KEY_NSHumanReadableCopyright = "";
				LD_RUNPATH_SEARCH_PATHS = (
					"$(inherited)",
					"@executable_path/../Frameworks",
				);
				MARKETING_VERSION = 1.0;
				PRODUCT_BUNDLE_IDENTIFIER = "com.realityexpander.test-macos";
				PRODUCT_NAME = "$(TARGET_NAME)";
				SWIFT_EMIT_LOC_STRINGS = YES;
				SWIFT_VERSION = 5.0;
			};
			name = Release;
		};
		D706CA3629B9C93F009B8E8F /* Debug */ = {
			isa = XCBuildConfiguration;
			buildSettings = {
				ALWAYS_EMBED_SWIFT_STANDARD_LIBRARIES = YES;
				BUNDLE_LOADER = "$(TEST_HOST)";
				CODE_SIGN_STYLE = Automatic;
				CURRENT_PROJECT_VERSION = 1;
				DEVELOPMENT_TEAM = 8M6DWG8MX5;
				GENERATE_INFOPLIST_FILE = YES;
				MACOSX_DEPLOYMENT_TARGET = 13.1;
				MARKETING_VERSION = 1.0;
				PRODUCT_BUNDLE_IDENTIFIER = "com.realityexpander.test-macosTests";
				PRODUCT_NAME = "$(TARGET_NAME)";
				SWIFT_EMIT_LOC_STRINGS = NO;
				SWIFT_VERSION = 5.0;
				TEST_HOST = "$(BUILT_PRODUCTS_DIR)/test macos.app/$(BUNDLE_EXECUTABLE_FOLDER_PATH)/test macos";
			};
			name = Debug;
		};
		D706CA3729B9C93F009B8E8F /* Release */ = {
			isa = XCBuildConfiguration;
			buildSettings = {
				ALWAYS_EMBED_SWIFT_STANDARD_LIBRARIES = YES;
				BUNDLE_LOADER = "$(TEST_HOST)";
				CODE_SIGN_STYLE = Automatic;
				CURRENT_PROJECT_VERSION = 1;
				DEVELOPMENT_TEAM = 8M6DWG8MX5;
				GENERATE_INFOPLIST_FILE = YES;
				MACOSX_DEPLOYMENT_TARGET = 13.1;
				MARKETING_VERSION = 1.0;
				PRODUCT_BUNDLE_IDENTIFIER = "com.realityexpander.test-macosTests";
				PRODUCT_NAME = "$(TARGET_NAME)";
				SWIFT_EMIT_LOC_STRINGS = NO;
				SWIFT_VERSION = 5.0;
				TEST_HOST = "$(BUILT_PRODUCTS_DIR)/test macos.app/$(BUNDLE_EXECUTABLE_FOLDER_PATH)/test macos";
			};
			name = Release;
		};
		D706CA3929B9C93F009B8E8F /* Debug */ = {
			isa = XCBuildConfiguration;
			buildSettings = {
				ALWAYS_EMBED_SWIFT_STANDARD_LIBRARIES = YES;
				CODE_SIGN_STYLE = Automatic;
				CURRENT_PROJECT_VERSION = 1;
				DEVELOPMENT_TEAM = 8M6DWG8MX5;
				GENERATE_INFOPLIST_FILE = YES;
				MARKETING_VERSION = 1.0;
				PRODUCT_BUNDLE_IDENTIFIER = "com.realityexpander.test-macosUITests";
				PRODUCT_NAME = "$(TARGET_NAME)";
				SWIFT_EMIT_LOC_STRINGS = NO;
				SWIFT_VERSION = 5.0;
				TEST_TARGET_NAME = "test macos";
			};
			name = Debug;
		};
		D706CA3A29B9C93F009B8E8F /* Release */ = {
			isa = XCBuildConfiguration;
			buildSettings = {
				ALWAYS_EMBED_SWIFT_STANDARD_LIBRARIES = YES;
				CODE_SIGN_STYLE = Automatic;
				CURRENT_PROJECT_VERSION = 1;
				DEVELOPMENT_TEAM = 8M6DWG8MX5;
				GENERATE_INFOPLIST_FILE = YES;
				MARKETING_VERSION = 1.0;
				PRODUCT_BUNDLE_IDENTIFIER = "com.realityexpander.test-macosUITests";
				PRODUCT_NAME = "$(TARGET_NAME)";
				SWIFT_EMIT_LOC_STRINGS = NO;
				SWIFT_VERSION = 5.0;
				TEST_TARGET_NAME = "test macos";
			};
			name = Release;
		};
/* End XCBuildConfiguration section */

/* Begin XCConfigurationList section */
		D706CA0829B9C93D009B8E8F /* Build configuration list for PBXProject "test macos" */ = {
			isa = XCConfigurationList;
			buildConfigurations = (
				D706CA3029B9C93F009B8E8F /* Debug */,
				D706CA3129B9C93F009B8E8F /* Release */,
			);
			defaultConfigurationIsVisible = 0;
			defaultConfigurationName = Release;
		};
		D706CA3229B9C93F009B8E8F /* Build configuration list for PBXNativeTarget "test macos" */ = {
			isa = XCConfigurationList;
			buildConfigurations = (
				D706CA3329B9C93F009B8E8F /* Debug */,
				D706CA3429B9C93F009B8E8F /* Release */,
			);
			defaultConfigurationIsVisible = 0;
			defaultConfigurationName = Release;
		};
		D706CA3529B9C93F009B8E8F /* Build configuration list for PBXNativeTarget "test macosTests" */ = {
			isa = XCConfigurationList;
			buildConfigurations = (
				D706CA3629B9C93F009B8E8F /* Debug */,
				D706CA3729B9C93F009B8E8F /* Release */,
			);
			defaultConfigurationIsVisible = 0;
			defaultConfigurationName = Release;
		};
		D706CA3829B9C93F009B8E8F /* Build configuration list for PBXNativeTarget "test macosUITests" */ = {
			isa = XCConfigurationList;
			buildConfigurations = (
				D706CA3929B9C93F009B8E8F /* Debug */,
				D706CA3A29B9C93F009B8E8F /* Release */,
			);
			defaultConfigurationIsVisible = 0;
			defaultConfigurationName = Release;
		};
/* End XCConfigurationList section */
	};
	rootObject = D706CA0529B9C93D009B8E8F /* Project object */;
}
